
Microsoft Visual Studio Solution File, Format Version 12.00
# Visual Studio Version 17
VisualStudioVersion = 17.4.33103.184
MinimumVisualStudioVersion = 10.0.40219.1
Project("{9A19103F-16F7-4668-BE54-9A1E7A4F7556}") = "Serilog.Sinks.Universal", "Serilog.Sinks.Universal\Serilog.Sinks.Universal.csproj", "{65F3E597-D92E-483B-AE1F-6C41379B6E63}"
EndProject
Project("{9A19103F-16F7-4668-BE54-9A1E7A4F7556}") = "Serilog.Sinks.Universal.Example", "Serilog.Sinks.Universal.Example\Serilog.Sinks.Universal.Example.csproj", "{A9B02A20-F899-4F46-99CE-C7D1A1DCDBE0}"
EndProject
Project("{9A19103F-16F7-4668-BE54-9A1E7A4F7556}") = "Serilog.Sinks.Discord", "Serilog-Sinks-Discord\Serilog.Sinks.Discord.csproj", "{324DEA8F-E885-4461-BD42-74086216747E}"
EndProject
Project("{2150E333-8FDC-42A3-9474-1A3956D46DE8}") = "Solution Items", "Solution Items", "{329F824E-6BB5-4D4F-BC64-7282B5878A61}"
	ProjectSection(SolutionItems) = preProject
		.github\workflows\release.yml = .github\workflows\release.yml
	EndProjectSection
EndProject
Global
	GlobalSection(SolutionConfigurationPlatforms) = preSolution
		Debug|Any CPU = Debug|Any CPU
		Release|Any CPU = Release|Any CPU
	EndGlobalSection
	GlobalSection(ProjectConfigurationPlatforms) = postSolution
		{65F3E597-D92E-483B-AE1F-6C41379B6E63}.Debug|Any CPU.ActiveCfg = Debug|Any CPU
		{65F3E597-D92E-483B-AE1F-6C41379B6E63}.Debug|Any CPU.Build.0 = Debug|Any CPU
		{65F3E597-D92E-483B-AE1F-6C41379B6E63}.Release|Any CPU.ActiveCfg = Release|Any CPU
		{65F3E597-D92E-483B-AE1F-6C41379B6E63}.Release|Any CPU.Build.0 = Release|Any CPU
		{A9B02A20-F899-4F46-99CE-C7D1A1DCDBE0}.Debug|Any CPU.ActiveCfg = Debug|Any CPU
		{A9B02A20-F899-4F46-99CE-C7D1A1DCDBE0}.Debug|Any CPU.Build.0 = Debug|Any CPU
		{A9B02A20-F899-4F46-99CE-C7D1A1DCDBE0}.Release|Any CPU.ActiveCfg = Release|Any CPU
		{A9B02A20-F899-4F46-99CE-C7D1A1DCDBE0}.Release|Any CPU.Build.0 = Release|Any CPU
		{324DEA8F-E885-4461-BD42-74086216747E}.Debug|Any CPU.ActiveCfg = Debug|Any CPU
		{324DEA8F-E885-4461-BD42-74086216747E}.Debug|Any CPU.Build.0 = Debug|Any CPU
		{324DEA8F-E885-4461-BD42-74086216747E}.Release|Any CPU.ActiveCfg = Release|Any CPU
		{324DEA8F-E885-4461-BD42-74086216747E}.Release|Any CPU.Build.0 = Release|Any CPU
	EndGlobalSection
	GlobalSection(SolutionProperties) = preSolution
		HideSolutionNode = FALSE
	EndGlobalSection
	GlobalSection(ExtensibilityGlobals) = postSolution
		SolutionGuid = {C61BB416-7A68-4A42-9CA0-6B8C0FB29911}
	EndGlobalSection
EndGlobal
